version = 1
revision = 3
requires-python = ">=3.13"

[[package]]
name = "boto3-stubs"
version = "1.43.16"
source = { registry = "https://pypi.org/simple" }
dependencies = [
    { name = "botocore-stubs" },
    { name = "types-s3transfer" },
]
sdist = { url = "https://files.pythonhosted.org/packages/64/f9/ca125c335ef0803837c70fd58b7a271e46ef75cf2af422f09833416358c9/boto3_stubs-1.43.16.tar.gz", hash = "sha256:33e8d6e0e28c4596c5ea9afa484370f8b84cf02bcf211a3c082fdad7edb4aa54", size = 102671, upload-time = "2026-05-27T19:38:22.35Z" }
wheels = [
    { url = "https://files.pythonhosted.org/packages/2b/7b/e611ba7e90804794f57ba6f3325679ea650056e4d800cc0fcb67522557bc/boto3_stubs-1.43.16-py3-none-any.whl", hash = "sha256:3d58c43bc59e32de9952ff51e7e8326941bd484b626277cec6e34aadde058356", size = 70669, upload-time = "2026-05-27T19:38:18.468Z" },
]

[[package]]
name = "botocore-stubs"
version = "1.43.14"
source = { registry = "https://pypi.org/simple" }
dependencies = [
    { name = "types-awscrt" },
]
sdist = { url = "https://files.pythonhosted.org/packages/7f/81/79693e833291c00dc89ee610e5e915381b6f08233912e28df50106840780/botocore_stubs-1.43.14.tar.gz", hash = "sha256:9e3bc1fdd51da7473f0df726c82747a1b0ae913449d629659765c247fecc2039", size = 42738, upload-time = "2026-05-25T06:06:37.484Z" }
wheels = [
    { url = "https://files.pythonhosted.org/packages/89/ca/f017727b11895908c5dedc829cf2ec35e0c4b2a26ba875db325fef2cefdf/botocore_stubs-1.43.14-py3-none-any.whl", hash = "sha256:fb98f1475c92fd718644e786b5c543a20f1b1f610e89e0a7191c3f1f429c75aa", size = 67093, upload-time = "2026-05-25T06:06:34.532Z" },
]

[[package]]
name = "types-awscrt"
version = "0.33.0"
source = { registry = "https://pypi.org/simple" }
sdist = { url = "https://files.pythonhosted.org/packages/e2/e3/40e8148a07a3c1c6fb151eddcfdd94083560e759e954b1f5a67ca0b36bcf/types_awscrt-0.33.0.tar.gz", hash = "sha256:803bc7e7e2f6172a0abd71df6593368f82fc23127ca15d287f360e9fcbd3a977", size = 19038, upload-time = "2026-05-25T06:56:04.027Z" }
wheels = [
    { url = "https://files.pythonhosted.org/packages/a0/a6/704fbf052edf2497d09292e5f9555b400594924f1154d6c86f2173c2fc11/types_awscrt-0.33.0-py3-none-any.whl", hash = "sha256:95adb57388e1cacc6e7e96fb7ddc735e60096a6151930640bdbe496d9400493a", size = 45687, upload-time = "2026-05-25T06:56:02.549Z" },
]

[[package]]
name = "types-s3transfer"
version = "0.16.0"
source = { registry = "https://pypi.org/simple" }
sdist = { url = "https://files.pythonhosted.org/packages/fe/64/42689150509eb3e6e82b33ee3d89045de1592488842ddf23c56957786d05/types_s3transfer-0.16.0.tar.gz", hash = "sha256:b4636472024c5e2b62278c5b759661efeb52a81851cde5f092f24100b1ecb443", size = 13557, upload-time = "2025-12-08T08:13:09.928Z" }
wheels = [
    { url = "https://files.pythonhosted.org/packages/98/27/e88220fe6274eccd3bdf95d9382918716d312f6f6cef6a46332d1ee2feff/types_s3transfer-0.16.0-py3-none-any.whl", hash = "sha256:1c0cd111ecf6e21437cb410f5cddb631bfb2263b77ad973e79b9c6d0cb24e0ef", size = 19247, upload-time = "2025-12-08T08:13:08.426Z" },
]

[[package]]
name = "url-gather"
version = "0.1.0"
source = { virtual = "." }
dependencies = [
    { name = "boto3-stubs" },
]

[package.metadata]
requires-dist = [{ name = "boto3-stubs", specifier = "~=1.43.16" }]
